
Microsoft Visual Studio Solution File, Format Version 12.00
# Visual Studio Version 17
VisualStudioVersion = 17.0.31825.309
MinimumVisualStudioVersion = 10.0.40219.1
Project("{9A19103F-16F7-4668-BE54-9A1E7A4F7556}") = "JustLearn.Services.Infrastructure.Build", "JustLearn.Services.Infrastructure.Build\JustLearn.Services.Infrastructure.Build.csproj", "{E8DF34EA-0758-42EF-8574-04721A4693E7}"
EndProject
Project("{2150E333-8FDC-42A3-9474-1A3956D46DE8}") = "Solution Items", "Solution Items", "{0FC4C22D-F881-458C-BF0E-A201A1BB60BA}"
	ProjectSection(SolutionItems) = preProject
		.editorconfig = .editorconfig
		.gitignore = .gitignore
	EndProjectSection
EndProject
Project("{9A19103F-16F7-4668-BE54-9A1E7A4F7556}") = "JustLearn.Services.Tests.Unit", "JustLearn.Services.Tests.Unit\JustLearn.Services.Tests.Unit.csproj", "{BAF2B783-3150-4B4A-A079-95544EE99DE7}"
EndProject
Project("{9A19103F-16F7-4668-BE54-9A1E7A4F7556}") = "JustLearn.Services.Api", "JustLearn.Services.Api\JustLearn.Services.Api.csproj", "{A8D4FD07-C373-4B58-A373-29ED2F63CD32}"
EndProject
Project("{FAE04EC0-301F-11D3-BF4B-00C04F79EFBC}") = "JustLearn.Services.Tests.Acceptance", "JustLearn.Services.Tests.Acceptance\JustLearn.Services.Tests.Acceptance.csproj", "{8580DCF2-2FC9-4120-9123-33FFA5829811}"
EndProject
Global
	GlobalSection(SolutionConfigurationPlatforms) = preSolution
		Debug|Any CPU = Debug|Any CPU
		Release|Any CPU = Release|Any CPU
	EndGlobalSection
	GlobalSection(ProjectConfigurationPlatforms) = postSolution
		{E8DF34EA-0758-42EF-8574-04721A4693E7}.Debug|Any CPU.ActiveCfg = Debug|Any CPU
		{E8DF34EA-0758-42EF-8574-04721A4693E7}.Debug|Any CPU.Build.0 = Debug|Any CPU
		{E8DF34EA-0758-42EF-8574-04721A4693E7}.Release|Any CPU.ActiveCfg = Release|Any CPU
		{E8DF34EA-0758-42EF-8574-04721A4693E7}.Release|Any CPU.Build.0 = Release|Any CPU
		{BAF2B783-3150-4B4A-A079-95544EE99DE7}.Debug|Any CPU.ActiveCfg = Debug|Any CPU
		{BAF2B783-3150-4B4A-A079-95544EE99DE7}.Debug|Any CPU.Build.0 = Debug|Any CPU
		{BAF2B783-3150-4B4A-A079-95544EE99DE7}.Release|Any CPU.ActiveCfg = Release|Any CPU
		{BAF2B783-3150-4B4A-A079-95544EE99DE7}.Release|Any CPU.Build.0 = Release|Any CPU
		{A8D4FD07-C373-4B58-A373-29ED2F63CD32}.Debug|Any CPU.ActiveCfg = Debug|Any CPU
		{A8D4FD07-C373-4B58-A373-29ED2F63CD32}.Debug|Any CPU.Build.0 = Debug|Any CPU
		{A8D4FD07-C373-4B58-A373-29ED2F63CD32}.Release|Any CPU.ActiveCfg = Release|Any CPU
		{A8D4FD07-C373-4B58-A373-29ED2F63CD32}.Release|Any CPU.Build.0 = Release|Any CPU
		{8580DCF2-2FC9-4120-9123-33FFA5829811}.Debug|Any CPU.ActiveCfg = Debug|Any CPU
		{8580DCF2-2FC9-4120-9123-33FFA5829811}.Debug|Any CPU.Build.0 = Debug|Any CPU
		{8580DCF2-2FC9-4120-9123-33FFA5829811}.Release|Any CPU.ActiveCfg = Release|Any CPU
		{8580DCF2-2FC9-4120-9123-33FFA5829811}.Release|Any CPU.Build.0 = Release|Any CPU
	EndGlobalSection
	GlobalSection(SolutionProperties) = preSolution
		HideSolutionNode = FALSE
	EndGlobalSection
	GlobalSection(ExtensibilityGlobals) = postSolution
		SolutionGuid = {A34609EE-3E6C-408C-A806-E4762649E060}
	EndGlobalSection
EndGlobal
